{
  "object": {
    "pins": [
      {
        "package": "Codextended",
        "repositoryURL": "https://github.com/johnsundell/codextended.git",
        "state": {
          "branch": null,
          "revision": "8d7c46dfc9c55240870cf5561d6cefa41e3d7105",
          "version": "0.3.0"
        }
      },
      {
        "package": "CollectionConcurrencyKit",
        "repositoryURL": "https://github.com/johnsundell/collectionConcurrencyKit.git",
        "state": {
          "branch": null,
          "revision": "b4f23e24b5a1bff301efc5e70871083ca029ff95",
          "version": "0.2.0"
        }
      },
      {
        "package": "Files",
        "repositoryURL": "https://github.com/johnsundell/files.git",
        "state": {
          "branch": null,
          "revision": "d273b5b7025d386feef79ef6bad7de762e106eaf",
          "version": "4.2.0"
        }
      },
      {
        "package": "Ink",
        "repositoryURL": "https://github.com/rwblickhan/ink.git",
        "state": {
          "branch": "master",
          "revision": "a5854aa931853c8f2ee0abbdd1f235ec525cd742",
          "version": null
        }
      },
      {
        "package": "Plot",
        "repositoryURL": "https://github.com/johnsundell/plot.git",
        "state": {
          "branch": null,
          "revision": "b358860fe565eb53e98b1f5807eb5939c8124547",
          "version": "0.11.0"
        }
      },
      {
        "package": "Publish",
        "repositoryURL": "https://github.com/rwblickhan/publish.git",
        "state": {
          "branch": "master",
          "revision": "1d714359b07c88cb650b236109a1e4ee9ca126a8",
          "version": null
        }
      },
      {
        "package": "PythonKit",
        "repositoryURL": "https://github.com/pvieito/PythonKit.git",
        "state": {
          "branch": "master",
          "revision": "81f621d094a7c8923207efe5178f50dba1b56c39",
          "version": null
        }
      },
      {
        "package": "S3PublishDeploy",
        "repositoryURL": "https://github.com/rwblickhan/s3publishdeploy",
        "state": {
          "branch": "master",
          "revision": "78a6a220aa18f341fb891b371fad497f7e94b4e4",
          "version": null
        }
      },
      {
        "package": "ShellOut",
        "repositoryURL": "https://github.com/johnsundell/shellout.git",
        "state": {
          "branch": null,
          "revision": "e1577acf2b6e90086d01a6d5e2b8efdaae033568",
          "version": "2.3.0"
        }
      },
      {
        "package": "Sweep",
        "repositoryURL": "https://github.com/johnsundell/sweep.git",
        "state": {
          "branch": null,
          "revision": "801c2878e4c6c5baf32fe132e1f3f3af6f9fd1b0",
          "version": "0.4.0"
        }
      },
      {
        "package": "SwiftPygments",
        "repositoryURL": "https://github.com/Ze0nC/SwiftPygments",
        "state": {
          "branch": "master",
          "revision": "c22bcfcc5931db56c971c1d2722de856a8bfaf39",
          "version": null
        }
      },
      {
        "package": "SwiftPygmentsPublishPlugin",
        "repositoryURL": "https://github.com/rwblickhan/SwiftPygmentsPublishPlugin",
        "state": {
          "branch": "master",
          "revision": "6fc51499758edee72fc485b306150a0b2742de32",
          "version": null
        }
      }
    ]
  },
  "version": 1
}
